
Microsoft Visual Studio Solution File, Format Version 12.00
# Visual Studio Version 17
VisualStudioVersion = 17.2.32602.215
MinimumVisualStudioVersion = 10.0.40219.1
Project("{FAE04EC0-301F-11D3-BF4B-00C04F79EFBC}") = "testrun", "testrun\testrun.csproj", "{13281FF6-E3B0-4B49-943F-CE2A6940AC98}"
EndProject
Global
	GlobalSection(SolutionConfigurationPlatforms) = preSolution
		Debug|Any CPU = Debug|Any CPU
		Release|Any CPU = Release|Any CPU
	EndGlobalSection
	GlobalSection(ProjectConfigurationPlatforms) = postSolution
		{13281FF6-E3B0-4B49-943F-CE2A6940AC98}.Debug|Any CPU.ActiveCfg = Debug|Any CPU
		{13281FF6-E3B0-4B49-943F-CE2A6940AC98}.Debug|Any CPU.Build.0 = Debug|Any CPU
		{13281FF6-E3B0-4B49-943F-CE2A6940AC98}.Release|Any CPU.ActiveCfg = Release|Any CPU
		{13281FF6-E3B0-4B49-943F-CE2A6940AC98}.Release|Any CPU.Build.0 = Release|Any CPU
	EndGlobalSection
	GlobalSection(SolutionProperties) = preSolution
		HideSolutionNode = FALSE
	EndGlobalSection
	GlobalSection(ExtensibilityGlobals) = postSolution
		SolutionGuid = {F1DFECAD-770C-4DD8-9DCA-7177E52209E5}
	EndGlobalSection
EndGlobal
