
Microsoft Visual Studio Solution File, Format Version 12.00
# Visual Studio Version 17
VisualStudioVersion = 17.2.32602.215
MinimumVisualStudioVersion = 10.0.40219.1
Project("{FAE04EC0-301F-11D3-BF4B-00C04F79EFBC}") = "july15", "july15\july15.csproj", "{3B186C6C-9E44-4379-AFD5-D21102A91A3D}"
EndProject
Global
	GlobalSection(SolutionConfigurationPlatforms) = preSolution
		Debug|Any CPU = Debug|Any CPU
		Release|Any CPU = Release|Any CPU
	EndGlobalSection
	GlobalSection(ProjectConfigurationPlatforms) = postSolution
		{3B186C6C-9E44-4379-AFD5-D21102A91A3D}.Debug|Any CPU.ActiveCfg = Debug|Any CPU
		{3B186C6C-9E44-4379-AFD5-D21102A91A3D}.Debug|Any CPU.Build.0 = Debug|Any CPU
		{3B186C6C-9E44-4379-AFD5-D21102A91A3D}.Release|Any CPU.ActiveCfg = Release|Any CPU
		{3B186C6C-9E44-4379-AFD5-D21102A91A3D}.Release|Any CPU.Build.0 = Release|Any CPU
	EndGlobalSection
	GlobalSection(SolutionProperties) = preSolution
		HideSolutionNode = FALSE
	EndGlobalSection
	GlobalSection(ExtensibilityGlobals) = postSolution
		SolutionGuid = {A80C093D-AEE1-4551-8599-6CA693F176DA}
	EndGlobalSection
EndGlobal
