
Microsoft Visual Studio Solution File, Format Version 12.00
# Visual Studio Version 17
VisualStudioVersion = 17.2.32602.215
MinimumVisualStudioVersion = 10.0.40219.1
Project("{FAE04EC0-301F-11D3-BF4B-00C04F79EFBC}") = "july8", "july8\july8.csproj", "{309E18A8-30FE-417F-92B4-634E6A8D0938}"
EndProject
Global
	GlobalSection(SolutionConfigurationPlatforms) = preSolution
		Debug|Any CPU = Debug|Any CPU
		Release|Any CPU = Release|Any CPU
	EndGlobalSection
	GlobalSection(ProjectConfigurationPlatforms) = postSolution
		{309E18A8-30FE-417F-92B4-634E6A8D0938}.Debug|Any CPU.ActiveCfg = Debug|Any CPU
		{309E18A8-30FE-417F-92B4-634E6A8D0938}.Debug|Any CPU.Build.0 = Debug|Any CPU
		{309E18A8-30FE-417F-92B4-634E6A8D0938}.Release|Any CPU.ActiveCfg = Release|Any CPU
		{309E18A8-30FE-417F-92B4-634E6A8D0938}.Release|Any CPU.Build.0 = Release|Any CPU
	EndGlobalSection
	GlobalSection(SolutionProperties) = preSolution
		HideSolutionNode = FALSE
	EndGlobalSection
	GlobalSection(ExtensibilityGlobals) = postSolution
		SolutionGuid = {B1C3D62E-CC94-49E2-8B4B-B90207AA497B}
	EndGlobalSection
EndGlobal
